// !$*UTF8*$!
{
	archiveVersion = 1;
	classes = {
	};
	objectVersion = 46;
	objects = {

/* Begin PBXBuildFile section */
		F67AD93E1BE0CDD50021A666 /* C12.jpg in Resources */ = {isa = PBXBuildFile; fileRef = F67AD9081BE0CDD50021A666 /* C12.jpg */; };
		F67AD93F1BE0CDD50021A666 /* C13.jpg in Resources */ = {isa = PBXBuildFile; fileRef = F67AD9091BE0CDD50021A666 /* C13.jpg */; };
		F67AD9401BE0CDD50021A666 /* C11.jpg in Resources */ = {isa = PBXBuildFile; fileRef = F67AD90A1BE0CDD50021A666 /* C11.jpg */; };
		F67AD9411BE0CDD50021A666 /* C14.jpg in Resources */ = {isa = PBXBuildFile; fileRef = F67AD90B1BE0CDD50021A666 /* C14.jpg */; };
		F67AD9421BE0CDD50021A666 /* C10.jpg in Resources */ = {isa = PBXBuildFile; fileRef = F67AD90C1BE0CDD50021A666 /* C10.jpg */; };
		F67AD9431BE0CDD50021A666 /* C09.jpg in Resources */ = {isa = PBXBuildFile; fileRef = F67AD90D1BE0CDD50021A666 /* C09.jpg */; };
		F67AD9441BE0CDD50021A666 /* C08.jpg in Resources */ = {isa = PBXBuildFile; fileRef = F67AD90E1BE0CDD50021A666 /* C08.jpg */; };
		F67AD9451BE0CDD50021A666 /* C07.jpg in Resources */ = {isa = PBXBuildFile; fileRef = F67AD90F1BE0CDD50021A666 /* C07.jpg */; };
		F67AD9461BE0CDD50021A666 /* C06.jpg in Resources */ = {isa = PBXBuildFile; fileRef = F67AD9101BE0CDD50021A666 /* C06.jpg */; };
		F67AD9471BE0CDD50021A666 /* C05.jpg in Resources */ = {isa = PBXBuildFile; fileRef = F67AD9111BE0CDD50021A666 /* C05.jpg */; };
		F67AD9481BE0CDD50021A666 /* C04.jpg in Resources */ = {isa = PBXBuildFile; fileRef = F67AD9121BE0CDD50021A666 /* C04.jpg */; };
		F67AD9491BE0CDD50021A666 /* C03.jpg in Resources */ = {isa = PBXBuildFile; fileRef = F67AD9131BE0CDD50021A666 /* C03.jpg */; };
		F67AD94A1BE0CDD50021A666 /* C02.jpg in Resources */ = {isa = PBXBuildFile; fileRef = F67AD9141BE0CDD50021A666 /* C02.jpg */; };
		F67AD94B1BE0CDD50021A666 /* J01.jpg in Resources */ = {isa = PBXBuildFile; fileRef = F67AD9151BE0CDD50021A666 /* J01.jpg */; };
		F67AD94C1BE0CDD50021A666 /* S12.jpg in Resources */ = {isa = PBXBuildFile; fileRef = F67AD9161BE0CDD50021A666 /* S12.jpg */; };
		F67AD94D1BE0CDD50021A666 /* S13.jpg in Resources */ = {isa = PBXBuildFile; fileRef = F67AD9171BE0CDD50021A666 /* S13.jpg */; };
		F67AD94E1BE0CDD50021A666 /* S11.jpg in Resources */ = {isa = PBXBuildFile; fileRef = F67AD9181BE0CDD50021A666 /* S11.jpg */; };
		F67AD94F1BE0CDD50021A666 /* S14.jpg in Resources */ = {isa = PBXBuildFile; fileRef = F67AD9191BE0CDD50021A666 /* S14.jpg */; };
		F67AD9501BE0CDD50021A666 /* S10.jpg in Resources */ = {isa = PBXBuildFile; fileRef = F67AD91A1BE0CDD50021A666 /* S10.jpg */; };
		F67AD9511BE0CDD50021A666 /* S09.jpg in Resources */ = {isa = PBXBuildFile; fileRef = F67AD91B1BE0CDD50021A666 /* S09.jpg */; };
		F67AD9521BE0CDD50021A666 /* S08.jpg in Resources */ = {isa = PBXBuildFile; fileRef = F67AD91C1BE0CDD50021A666 /* S08.jpg */; };
		F67AD9531BE0CDD50021A666 /* S07.jpg in Resources */ = {isa = PBXBuildFile; fileRef = F67AD91D1BE0CDD50021A666 /* S07.jpg */; };
		F67AD9541BE0CDD50021A666 /* S06.jpg in Resources */ = {isa = PBXBuildFile; fileRef = F67AD91E1BE0CDD50021A666 /* S06.jpg */; };
		F67AD9551BE0CDD50021A666 /* S05.jpg in Resources */ = {isa = PBXBuildFile; fileRef = F67AD91F1BE0CDD50021A666 /* S05.jpg */; };
		F67AD9561BE0CDD50021A666 /* S04.jpg in Resources */ = {isa = PBXBuildFile; fileRef = F67AD9201BE0CDD50021A666 /* S04.jpg */; };
		F67AD9571BE0CDD50021A666 /* S03.jpg in Resources */ = {isa = PBXBuildFile; fileRef = F67AD9211BE0CDD50021A666 /* S03.jpg */; };
		F67AD9581BE0CDD50021A666 /* S02.jpg in Resources */ = {isa = PBXBuildFile; fileRef = F67AD9221BE0CDD50021A666 /* S02.jpg */; };
		F67AD9591BE0CDD50021A666 /* H10.jpg in Resources */ = {isa = PBXBuildFile; fileRef = F67AD9231BE0CDD50021A666 /* H10.jpg */; };
		F67AD95A1BE0CDD50021A666 /* H09.jpg in Resources */ = {isa = PBXBuildFile; fileRef = F67AD9241BE0CDD50021A666 /* H09.jpg */; };
		F67AD95B1BE0CDD50021A666 /* H08.jpg in Resources */ = {isa = PBXBuildFile; fileRef = F67AD9251BE0CDD50021A666 /* H08.jpg */; };
		F67AD95C1BE0CDD50021A666 /* H07.jpg in Resources */ = {isa = PBXBuildFile; fileRef = F67AD9261BE0CDD50021A666 /* H07.jpg */; };
		F67AD95D1BE0CDD50021A666 /* H06.jpg in Resources */ = {isa = PBXBuildFile; fileRef = F67AD9271BE0CDD50021A666 /* H06.jpg */; };
		F67AD95E1BE0CDD50021A666 /* H05.jpg in Resources */ = {isa = PBXBuildFile; fileRef = F67AD9281BE0CDD50021A666 /* H05.jpg */; };
		F67AD95F1BE0CDD50021A666 /* H04.jpg in Resources */ = {isa = PBXBuildFile; fileRef = F67AD9291BE0CDD50021A666 /* H04.jpg */; };
		F67AD9601BE0CDD50021A666 /* H03.jpg in Resources */ = {isa = PBXBuildFile; fileRef = F67AD92A1BE0CDD50021A666 /* H03.jpg */; };
		F67AD9611BE0CDD50021A666 /* H02.jpg in Resources */ = {isa = PBXBuildFile; fileRef = F67AD92B1BE0CDD50021A666 /* H02.jpg */; };
		F67AD9621BE0CDD50021A666 /* H12.jpg in Resources */ = {isa = PBXBuildFile; fileRef = F67AD92C1BE0CDD50021A666 /* H12.jpg */; };
		F67AD9631BE0CDD50021A666 /* H13.jpg in Resources */ = {isa = PBXBuildFile; fileRef = F67AD92D1BE0CDD50021A666 /* H13.jpg */; };
		F67AD9641BE0CDD50021A666 /* H11.jpg in Resources */ = {isa = PBXBuildFile; fileRef = F67AD92E1BE0CDD50021A666 /* H11.jpg */; };
		F67AD9651BE0CDD50021A666 /* H14.jpg in Resources */ = {isa = PBXBuildFile; fileRef = F67AD92F1BE0CDD50021A666 /* H14.jpg */; };
		F67AD9661BE0CDD50021A666 /* D05.jpg in Resources */ = {isa = PBXBuildFile; fileRef = F67AD9301BE0CDD50021A666 /* D05.jpg */; };
		F67AD9671BE0CDD50021A666 /* D04.jpg in Resources */ = {isa = PBXBuildFile; fileRef = F67AD9311BE0CDD50021A666 /* D04.jpg */; };
		F67AD9681BE0CDD50021A666 /* D03.jpg in Resources */ = {isa = PBXBuildFile; fileRef = F67AD9321BE0CDD50021A666 /* D03.jpg */; };
		F67AD9691BE0CDD50021A666 /* D02.jpg in Resources */ = {isa = PBXBuildFile; fileRef = F67AD9331BE0CDD50021A666 /* D02.jpg */; };
		F67AD96A1BE0CDD50021A666 /* D08.jpg in Resources */ = {isa = PBXBuildFile; fileRef = F67AD9341BE0CDD50021A666 /* D08.jpg */; };
		F67AD96B1BE0CDD50021A666 /* D07.jpg in Resources */ = {isa = PBXBuildFile; fileRef = F67AD9351BE0CDD50021A666 /* D07.jpg */; };
		F67AD96C1BE0CDD50021A666 /* D06.jpg in Resources */ = {isa = PBXBuildFile; fileRef = F67AD9361BE0CDD50021A666 /* D06.jpg */; };
		F67AD96D1BE0CDD50021A666 /* D10.jpg in Resources */ = {isa = PBXBuildFile; fileRef = F67AD9371BE0CDD50021A666 /* D10.jpg */; };
		F67AD96E1BE0CDD50021A666 /* D14.jpg in Resources */ = {isa = PBXBuildFile; fileRef = F67AD9381BE0CDD50021A666 /* D14.jpg */; };
		F67AD96F1BE0CDD50021A666 /* D09.jpg in Resources */ = {isa = PBXBuildFile; fileRef = F67AD9391BE0CDD50021A666 /* D09.jpg */; };
		F67AD9701BE0CDD50021A666 /* D11.jpg in Resources */ = {isa = PBXBuildFile; fileRef = F67AD93A1BE0CDD50021A666 /* D11.jpg */; };
		F67AD9711BE0CDD50021A666 /* D13.jpg in Resources */ = {isa = PBXBuildFile; fileRef = F67AD93B1BE0CDD50021A666 /* D13.jpg */; };
		F67AD9721BE0CDD50021A666 /* J02.jpg in Resources */ = {isa = PBXBuildFile; fileRef = F67AD93C1BE0CDD50021A666 /* J02.jpg */; };
		F67AD9731BE0CDD50021A666 /* D12.jpg in Resources */ = {isa = PBXBuildFile; fileRef = F67AD93D1BE0CDD50021A666 /* D12.jpg */; };
		F6D7C0A91BD73FBD00A07686 /* AppDelegate.swift in Sources */ = {isa = PBXBuildFile; fileRef = F6D7C0A81BD73FBD00A07686 /* AppDelegate.swift */; };
		F6D7C0AB1BD73FBD00A07686 /* ViewController.swift in Sources */ = {isa = PBXBuildFile; fileRef = F6D7C0AA1BD73FBD00A07686 /* ViewController.swift */; };
		F6D7C0AE1BD73FBD00A07686 /* Main.storyboard in Resources */ = {isa = PBXBuildFile; fileRef = F6D7C0AC1BD73FBD00A07686 /* Main.storyboard */; };
		F6D7C0B01BD73FBD00A07686 /* Assets.xcassets in Resources */ = {isa = PBXBuildFile; fileRef = F6D7C0AF1BD73FBD00A07686 /* Assets.xcassets */; };
		F6D7C0B31BD73FBD00A07686 /* LaunchScreen.storyboard in Resources */ = {isa = PBXBuildFile; fileRef = F6D7C0B11BD73FBD00A07686 /* LaunchScreen.storyboard */; };
		F6D7C0BE1BD73FBD00A07686 /* pokeTests.swift in Sources */ = {isa = PBXBuildFile; fileRef = F6D7C0BD1BD73FBD00A07686 /* pokeTests.swift */; };
		F6D7C0C91BD73FBD00A07686 /* pokeUITests.swift in Sources */ = {isa = PBXBuildFile; fileRef = F6D7C0C81BD73FBD00A07686 /* pokeUITests.swift */; };
		F6D7C0D91BD7437F00A07686 /* poke.swift in Sources */ = {isa = PBXBuildFile; fileRef = F6D7C0D81BD7437F00A07686 /* poke.swift */; };
		F6D7C0DB1BD7804D00A07686 /* player.swift in Sources */ = {isa = PBXBuildFile; fileRef = F6D7C0DA1BD7804D00A07686 /* player.swift */; };
/* End PBXBuildFile section */

/* Begin PBXContainerItemProxy section */
		F6D7C0BA1BD73FBD00A07686 /* PBXContainerItemProxy */ = {
			isa = PBXContainerItemProxy;
			containerPortal = F6D7C09D1BD73FBC00A07686 /* Project object */;
			proxyType = 1;
			remoteGlobalIDString = F6D7C0A41BD73FBD00A07686;
			remoteInfo = poke;
		};
		F6D7C0C51BD73FBD00A07686 /* PBXContainerItemProxy */ = {
			isa = PBXContainerItemProxy;
			containerPortal = F6D7C09D1BD73FBC00A07686 /* Project object */;
			proxyType = 1;
			remoteGlobalIDString = F6D7C0A41BD73FBD00A07686;
			remoteInfo = poke;
		};
/* End PBXContainerItemProxy section */

/* Begin PBXFileReference section */
		F67AD9081BE0CDD50021A666 /* C12.jpg */ = {isa = PBXFileReference; lastKnownFileType = image.jpeg; name = C12.jpg; path = ../../../../Downloads/pukeImage1/C12.jpg; sourceTree = "<group>"; };
		F67AD9091BE0CDD50021A666 /* C13.jpg */ = {isa = PBXFileReference; lastKnownFileType = image.jpeg; name = C13.jpg; path = ../../../../Downloads/pukeImage1/C13.jpg; sourceTree = "<group>"; };
		F67AD90A1BE0CDD50021A666 /* C11.jpg */ = {isa = PBXFileReference; lastKnownFileType = image.jpeg; name = C11.jpg; path = ../../../../Downloads/pukeImage1/C11.jpg; sourceTree = "<group>"; };
		F67AD90B1BE0CDD50021A666 /* C14.jpg */ = {isa = PBXFileReference; lastKnownFileType = image.jpeg; name = C14.jpg; path = ../../../../Downloads/pukeImage1/C14.jpg; sourceTree = "<group>"; };
		F67AD90C1BE0CDD50021A666 /* C10.jpg */ = {isa = PBXFileReference; lastKnownFileType = image.jpeg; name = C10.jpg; path = ../../../../Downloads/pukeImage1/C10.jpg; sourceTree = "<group>"; };
		F67AD90D1BE0CDD50021A666 /* C09.jpg */ = {isa = PBXFileReference; lastKnownFileType = image.jpeg; name = C09.jpg; path = ../../../../Downloads/pukeImage1/C09.jpg; sourceTree = "<group>"; };
		F67AD90E1BE0CDD50021A666 /* C08.jpg */ = {isa = PBXFileReference; lastKnownFileType = image.jpeg; name = C08.jpg; path = ../../../../Downloads/pukeImage1/C08.jpg; sourceTree = "<group>"; };
		F67AD90F1BE0CDD50021A666 /* C07.jpg */ = {isa = PBXFileReference; lastKnownFileType = image.jpeg; name = C07.jpg; path = ../../../../Downloads/pukeImage1/C07.jpg; sourceTree = "<group>"; };
		F67AD9101BE0CDD50021A666 /* C06.jpg */ = {isa = PBXFileReference; lastKnownFileType = image.jpeg; name = C06.jpg; path = ../../../../Downloads/pukeImage1/C06.jpg; sourceTree = "<group>"; };
		F67AD9111BE0CDD50021A666 /* C05.jpg */ = {isa = PBXFileReference; lastKnownFileType = image.jpeg; name = C05.jpg; path = ../../../../Downloads/pukeImage1/C05.jpg; sourceTree = "<group>"; };
		F67AD9121BE0CDD50021A666 /* C04.jpg */ = {isa = PBXFileReference; lastKnownFileType = image.jpeg; name = C04.jpg; path = ../../../../Downloads/pukeImage1/C04.jpg; sourceTree = "<group>"; };
		F67AD9131BE0CDD50021A666 /* C03.jpg */ = {isa = PBXFileReference; lastKnownFileType = image.jpeg; name = C03.jpg; path = ../../../../Downloads/pukeImage1/C03.jpg; sourceTree = "<group>"; };
		F67AD9141BE0CDD50021A666 /* C02.jpg */ = {isa = PBXFileReference; lastKnownFileType = image.jpeg; name = C02.jpg; path = ../../../../Downloads/pukeImage1/C02.jpg; sourceTree = "<group>"; };
		F67AD9151BE0CDD50021A666 /* J01.jpg */ = {isa = PBXFileReference; lastKnownFileType = image.jpeg; name = J01.jpg; path = ../../../../Downloads/pukeImage1/J01.jpg; sourceTree = "<group>"; };
		F67AD9161BE0CDD50021A666 /* S12.jpg */ = {isa = PBXFileReference; lastKnownFileType = image.jpeg; name = S12.jpg; path = ../../../../Downloads/pukeImage1/S12.jpg; sourceTree = "<group>"; };
		F67AD9171BE0CDD50021A666 /* S13.jpg */ = {isa = PBXFileReference; lastKnownFileType = image.jpeg; name = S13.jpg; path = ../../../../Downloads/pukeImage1/S13.jpg; sourceTree = "<group>"; };
		F67AD9181BE0CDD50021A666 /* S11.jpg */ = {isa = PBXFileReference; lastKnownFileType = image.jpeg; name = S11.jpg; path = ../../../../Downloads/pukeImage1/S11.jpg; sourceTree = "<group>"; };
		F67AD9191BE0CDD50021A666 /* S14.jpg */ = {isa = PBXFileReference; lastKnownFileType = image.jpeg; name = S14.jpg; path = ../../../../Downloads/pukeImage1/S14.jpg; sourceTree = "<group>"; };
		F67AD91A1BE0CDD50021A666 /* S10.jpg */ = {isa = PBXFileReference; lastKnownFileType = image.jpeg; name = S10.jpg; path = ../../../../Downloads/pukeImage1/S10.jpg; sourceTree = "<group>"; };
		F67AD91B1BE0CDD50021A666 /* S09.jpg */ = {isa = PBXFileReference; lastKnownFileType = image.jpeg; name = S09.jpg; path = ../../../../Downloads/pukeImage1/S09.jpg; sourceTree = "<group>"; };
		F67AD91C1BE0CDD50021A666 /* S08.jpg */ = {isa = PBXFileReference; lastKnownFileType = image.jpeg; name = S08.jpg; path = ../../../../Downloads/pukeImage1/S08.jpg; sourceTree = "<group>"; };
		F67AD91D1BE0CDD50021A666 /* S07.jpg */ = {isa = PBXFileReference; lastKnownFileType = image.jpeg; name = S07.jpg; path = ../../../../Downloads/pukeImage1/S07.jpg; sourceTree = "<group>"; };
		F67AD91E1BE0CDD50021A666 /* S06.jpg */ = {isa = PBXFileReference; lastKnownFileType = image.jpeg; name = S06.jpg; path = ../../../../Downloads/pukeImage1/S06.jpg; sourceTree = "<group>"; };
		F67AD91F1BE0CDD50021A666 /* S05.jpg */ = {isa = PBXFileReference; lastKnownFileType = image.jpeg; name = S05.jpg; path = ../../../../Downloads/pukeImage1/S05.jpg; sourceTree = "<group>"; };
		F67AD9201BE0CDD50021A666 /* S04.jpg */ = {isa = PBXFileReference; lastKnownFileType = image.jpeg; name = S04.jpg; path = ../../../../Downloads/pukeImage1/S04.jpg; sourceTree = "<group>"; };
		F67AD9211BE0CDD50021A666 /* S03.jpg */ = {isa = PBXFileReference; lastKnownFileType = image.jpeg; name = S03.jpg; path = ../../../../Downloads/pukeImage1/S03.jpg; sourceTree = "<group>"; };
		F67AD9221BE0CDD50021A666 /* S02.jpg */ = {isa = PBXFileReference; lastKnownFileType = image.jpeg; name = S02.jpg; path = ../../../../Downloads/pukeImage1/S02.jpg; sourceTree = "<group>"; };
		F67AD9231BE0CDD50021A666 /* H10.jpg */ = {isa = PBXFileReference; lastKnownFileType = image.jpeg; name = H10.jpg; path = ../../../../Downloads/pukeImage1/H10.jpg; sourceTree = "<group>"; };
		F67AD9241BE0CDD50021A666 /* H09.jpg */ = {isa = PBXFileReference; lastKnownFileType = image.jpeg; name = H09.jpg; path = ../../../../Downloads/pukeImage1/H09.jpg; sourceTree = "<group>"; };
		F67AD9251BE0CDD50021A666 /* H08.jpg */ = {isa = PBXFileReference; lastKnownFileType = image.jpeg; name = H08.jpg; path = ../../../../Downloads/pukeImage1/H08.jpg; sourceTree = "<group>"; };
		F67AD9261BE0CDD50021A666 /* H07.jpg */ = {isa = PBXFileReference; lastKnownFileType = image.jpeg; name = H07.jpg; path = ../../../../Downloads/pukeImage1/H07.jpg; sourceTree = "<group>"; };
		F67AD9271BE0CDD50021A666 /* H06.jpg */ = {isa = PBXFileReference; lastKnownFileType = image.jpeg; name = H06.jpg; path = ../../../../Downloads/pukeImage1/H06.jpg; sourceTree = "<group>"; };
		F67AD9281BE0CDD50021A666 /* H05.jpg */ = {isa = PBXFileReference; lastKnownFileType = image.jpeg; name = H05.jpg; path = ../../../../Downloads/pukeImage1/H05.jpg; sourceTree = "<group>"; };
		F67AD9291BE0CDD50021A666 /* H04.jpg */ = {isa = PBXFileReference; lastKnownFileType = image.jpeg; name = H04.jpg; path = ../../../../Downloads/pukeImage1/H04.jpg; sourceTree = "<group>"; };
		F67AD92A1BE0CDD50021A666 /* H03.jpg */ = {isa = PBXFileReference; lastKnownFileType = image.jpeg; name = H03.jpg; path = ../../../../Downloads/pukeImage1/H03.jpg; sourceTree = "<group>"; };
		F67AD92B1BE0CDD50021A666 /* H02.jpg */ = {isa = PBXFileReference; lastKnownFileType = image.jpeg; name = H02.jpg; path = ../../../../Downloads/pukeImage1/H02.jpg; sourceTree = "<group>"; };
		F67AD92C1BE0CDD50021A666 /* H12.jpg */ = {isa = PBXFileReference; lastKnownFileType = image.jpeg; name = H12.jpg; path = ../../../../Downloads/pukeImage1/H12.jpg; sourceTree = "<group>"; };
		F67AD92D1BE0CDD50021A666 /* H13.jpg */ = {isa = PBXFileReference; lastKnownFileType = image.jpeg; name = H13.jpg; path = ../../../../Downloads/pukeImage1/H13.jpg; sourceTree = "<group>"; };
		F67AD92E1BE0CDD50021A666 /* H11.jpg */ = {isa = PBXFileReference; lastKnownFileType = image.jpeg; name = H11.jpg; path = ../../../../Downloads/pukeImage1/H11.jpg; sourceTree = "<group>"; };
		F67AD92F1BE0CDD50021A666 /* H14.jpg */ = {isa = PBXFileReference; lastKnownFileType = image.jpeg; name = H14.jpg; path = ../../../../Downloads/pukeImage1/H14.jpg; sourceTree = "<group>"; };
		F67AD9301BE0CDD50021A666 /* D05.jpg */ = {isa = PBXFileReference; lastKnownFileType = image.jpeg; name = D05.jpg; path = ../../../../Downloads/pukeImage1/D05.jpg; sourceTree = "<group>"; };
		F67AD9311BE0CDD50021A666 /* D04.jpg */ = {isa = PBXFileReference; lastKnownFileType = image.jpeg; name = D04.jpg; path = ../../../../Downloads/pukeImage1/D04.jpg; sourceTree = "<group>"; };
		F67AD9321BE0CDD50021A666 /* D03.jpg */ = {isa = PBXFileReference; lastKnownFileType = image.jpeg; name = D03.jpg; path = ../../../../Downloads/pukeImage1/D03.jpg; sourceTree = "<group>"; };
		F67AD9331BE0CDD50021A666 /* D02.jpg */ = {isa = PBXFileReference; lastKnownFileType = image.jpeg; name = D02.jpg; path = ../../../../Downloads/pukeImage1/D02.jpg; sourceTree = "<group>"; };
		F67AD9341BE0CDD50021A666 /* D08.jpg */ = {isa = PBXFileReference; lastKnownFileType = image.jpeg; name = D08.jpg; path = ../../../../Downloads/pukeImage1/D08.jpg; sourceTree = "<group>"; };
		F67AD9351BE0CDD50021A666 /* D07.jpg */ = {isa = PBXFileReference; lastKnownFileType = image.jpeg; name = D07.jpg; path = ../../../../Downloads/pukeImage1/D07.jpg; sourceTree = "<group>"; };
		F67AD9361BE0CDD50021A666 /* D06.jpg */ = {isa = PBXFileReference; lastKnownFileType = image.jpeg; name = D06.jpg; path = ../../../../Downloads/pukeImage1/D06.jpg; sourceTree = "<group>"; };
		F67AD9371BE0CDD50021A666 /* D10.jpg */ = {isa = PBXFileReference; lastKnownFileType = image.jpeg; name = D10.jpg; path = ../../../../Downloads/pukeImage1/D10.jpg; sourceTree = "<group>"; };
		F67AD9381BE0CDD50021A666 /* D14.jpg */ = {isa = PBXFileReference; lastKnownFileType = image.jpeg; name = D14.jpg; path = ../../../../Downloads/pukeImage1/D14.jpg; sourceTree = "<group>"; };
		F67AD9391BE0CDD50021A666 /* D09.jpg */ = {isa = PBXFileReference; lastKnownFileType = image.jpeg; name = D09.jpg; path = ../../../../Downloads/pukeImage1/D09.jpg; sourceTree = "<group>"; };
		F67AD93A1BE0CDD50021A666 /* D11.jpg */ = {isa = PBXFileReference; lastKnownFileType = image.jpeg; name = D11.jpg; path = ../../../../Downloads/pukeImage1/D11.jpg; sourceTree = "<group>"; };
		F67AD93B1BE0CDD50021A666 /* D13.jpg */ = {isa = PBXFileReference; lastKnownFileType = image.jpeg; name = D13.jpg; path = ../../../../Downloads/pukeImage1/D13.jpg; sourceTree = "<group>"; };
		F67AD93C1BE0CDD50021A666 /* J02.jpg */ = {isa = PBXFileReference; lastKnownFileType = image.jpeg; name = J02.jpg; path = ../../../../Downloads/pukeImage1/J02.jpg; sourceTree = "<group>"; };
		F67AD93D1BE0CDD50021A666 /* D12.jpg */ = {isa = PBXFileReference; lastKnownFileType = image.jpeg; name = D12.jpg; path = ../../../../Downloads/pukeImage1/D12.jpg; sourceTree = "<group>"; };
		F6D7C0A51BD73FBD00A07686 /* poke.app */ = {isa = PBXFileReference; explicitFileType = wrapper.application; includeInIndex = 0; path = poke.app; sourceTree = BUILT_PRODUCTS_DIR; };
		F6D7C0A81BD73FBD00A07686 /* AppDelegate.swift */ = {isa = PBXFileReference; lastKnownFileType = sourcecode.swift; path = AppDelegate.swift; sourceTree = "<group>"; };
		F6D7C0AA1BD73FBD00A07686 /* ViewController.swift */ = {isa = PBXFileReference; lastKnownFileType = sourcecode.swift; path = ViewController.swift; sourceTree = "<group>"; };
		F6D7C0AD1BD73FBD00A07686 /* Base */ = {isa = PBXFileReference; lastKnownFileType = file.storyboard; name = Base; path = Base.lproj/Main.storyboard; sourceTree = "<group>"; };
		F6D7C0AF1BD73FBD00A07686 /* Assets.xcassets */ = {isa = PBXFileReference; lastKnownFileType = folder.assetcatalog; path = Assets.xcassets; sourceTree = "<group>"; };
		F6D7C0B21BD73FBD00A07686 /* Base */ = {isa = PBXFileReference; lastKnownFileType = file.storyboard; name = Base; path = Base.lproj/LaunchScreen.storyboard; sourceTree = "<group>"; };
		F6D7C0B41BD73FBD00A07686 /* Info.plist */ = {isa = PBXFileReference; lastKnownFileType = text.plist.xml; path = Info.plist; sourceTree = "<group>"; };
		F6D7C0B91BD73FBD00A07686 /* pokeTests.xctest */ = {isa = PBXFileReference; explicitFileType = wrapper.cfbundle; includeInIndex = 0; path = pokeTests.xctest; sourceTree = BUILT_PRODUCTS_DIR; };
		F6D7C0BD1BD73FBD00A07686 /* pokeTests.swift */ = {isa = PBXFileReference; lastKnownFileType = sourcecode.swift; path = pokeTests.swift; sourceTree = "<group>"; };
		F6D7C0BF1BD73FBD00A07686 /* Info.plist */ = {isa = PBXFileReference; lastKnownFileType = text.plist.xml; path = Info.plist; sourceTree = "<group>"; };
		F6D7C0C41BD73FBD00A07686 /* pokeUITests.xctest */ = {isa = PBXFileReference; explicitFileType = wrapper.cfbundle; includeInIndex = 0; path = pokeUITests.xctest; sourceTree = BUILT_PRODUCTS_DIR; };
		F6D7C0C81BD73FBD00A07686 /* pokeUITests.swift */ = {isa = PBXFileReference; lastKnownFileType = sourcecode.swift; path = pokeUITests.swift; sourceTree = "<group>"; };
		F6D7C0CA1BD73FBD00A07686 /* Info.plist */ = {isa = PBXFileReference; lastKnownFileType = text.plist.xml; path = Info.plist; sourceTree = "<group>"; };
		F6D7C0D81BD7437F00A07686 /* poke.swift */ = {isa = PBXFileReference; fileEncoding = 4; lastKnownFileType = sourcecode.swift; path = poke.swift; sourceTree = "<group>"; };
		F6D7C0DA1BD7804D00A07686 /* player.swift */ = {isa = PBXFileReference; fileEncoding = 4; lastKnownFileType = sourcecode.swift; path = player.swift; sourceTree = "<group>"; };
/* End PBXFileReference section */

/* Begin PBXFrameworksBuildPhase section */
		F6D7C0A21BD73FBD00A07686 /* Frameworks */ = {
			isa = PBXFrameworksBuildPhase;
			buildActionMask = 2147483647;
			files = (
			);
			runOnlyForDeploymentPostprocessing = 0;
		};
		F6D7C0B61BD73FBD00A07686 /* Frameworks */ = {
			isa = PBXFrameworksBuildPhase;
			buildActionMask = 2147483647;
			files = (
			);
			runOnlyForDeploymentPostprocessing = 0;
		};
		F6D7C0C11BD73FBD00A07686 /* Frameworks */ = {
			isa = PBXFrameworksBuildPhase;
			buildActionMask = 2147483647;
			files = (
			);
			runOnlyForDeploymentPostprocessing = 0;
		};
/* End PBXFrameworksBuildPhase section */

/* Begin PBXGroup section */
		F67AD9071BE0CB020021A666 /* Images */ = {
			isa = PBXGroup;
			children = (
				F67AD9081BE0CDD50021A666 /* C12.jpg */,
				F67AD9091BE0CDD50021A666 /* C13.jpg */,
				F67AD90A1BE0CDD50021A666 /* C11.jpg */,
				F67AD90B1BE0CDD50021A666 /* C14.jpg */,
				F67AD90C1BE0CDD50021A666 /* C10.jpg */,
				F67AD90D1BE0CDD50021A666 /* C09.jpg */,
				F67AD90E1BE0CDD50021A666 /* C08.jpg */,
				F67AD90F1BE0CDD50021A666 /* C07.jpg */,
				F67AD9101BE0CDD50021A666 /* C06.jpg */,
				F67AD9111BE0CDD50021A666 /* C05.jpg */,
				F67AD9121BE0CDD50021A666 /* C04.jpg */,
				F67AD9131BE0CDD50021A666 /* C03.jpg */,
				F67AD9141BE0CDD50021A666 /* C02.jpg */,
				F67AD9151BE0CDD50021A666 /* J01.jpg */,
				F67AD9161BE0CDD50021A666 /* S12.jpg */,
				F67AD9171BE0CDD50021A666 /* S13.jpg */,
				F67AD9181BE0CDD50021A666 /* S11.jpg */,
				F67AD9191BE0CDD50021A666 /* S14.jpg */,
				F67AD91A1BE0CDD50021A666 /* S10.jpg */,
				F67AD91B1BE0CDD50021A666 /* S09.jpg */,
				F67AD91C1BE0CDD50021A666 /* S08.jpg */,
				F67AD91D1BE0CDD50021A666 /* S07.jpg */,
				F67AD91E1BE0CDD50021A666 /* S06.jpg */,
				F67AD91F1BE0CDD50021A666 /* S05.jpg */,
				F67AD9201BE0CDD50021A666 /* S04.jpg */,
				F67AD9211BE0CDD50021A666 /* S03.jpg */,
				F67AD9221BE0CDD50021A666 /* S02.jpg */,
				F67AD9231BE0CDD50021A666 /* H10.jpg */,
				F67AD9241BE0CDD50021A666 /* H09.jpg */,
				F67AD9251BE0CDD50021A666 /* H08.jpg */,
				F67AD9261BE0CDD50021A666 /* H07.jpg */,
				F67AD9271BE0CDD50021A666 /* H06.jpg */,
				F67AD9281BE0CDD50021A666 /* H05.jpg */,
				F67AD9291BE0CDD50021A666 /* H04.jpg */,
				F67AD92A1BE0CDD50021A666 /* H03.jpg */,
				F67AD92B1BE0CDD50021A666 /* H02.jpg */,
				F67AD92C1BE0CDD50021A666 /* H12.jpg */,
				F67AD92D1BE0CDD50021A666 /* H13.jpg */,
				F67AD92E1BE0CDD50021A666 /* H11.jpg */,
				F67AD92F1BE0CDD50021A666 /* H14.jpg */,
				F67AD9301BE0CDD50021A666 /* D05.jpg */,
				F67AD9311BE0CDD50021A666 /* D04.jpg */,
				F67AD9321BE0CDD50021A666 /* D03.jpg */,
				F67AD9331BE0CDD50021A666 /* D02.jpg */,
				F67AD9341BE0CDD50021A666 /* D08.jpg */,
				F67AD9351BE0CDD50021A666 /* D07.jpg */,
				F67AD9361BE0CDD50021A666 /* D06.jpg */,
				F67AD9371BE0CDD50021A666 /* D10.jpg */,
				F67AD9381BE0CDD50021A666 /* D14.jpg */,
				F67AD9391BE0CDD50021A666 /* D09.jpg */,
				F67AD93A1BE0CDD50021A666 /* D11.jpg */,
				F67AD93B1BE0CDD50021A666 /* D13.jpg */,
				F67AD93C1BE0CDD50021A666 /* J02.jpg */,
				F67AD93D1BE0CDD50021A666 /* D12.jpg */,
			);
			name = Images;
			sourceTree = "<group>";
		};
		F6D7C09C1BD73FBC00A07686 = {
			isa = PBXGroup;
			children = (
				F6D7C0A71BD73FBD00A07686 /* poke */,
				F6D7C0BC1BD73FBD00A07686 /* pokeTests */,
				F6D7C0C71BD73FBD00A07686 /* pokeUITests */,
				F6D7C0A61BD73FBD00A07686 /* Products */,
			);
			sourceTree = "<group>";
		};
		F6D7C0A61BD73FBD00A07686 /* Products */ = {
			isa = PBXGroup;
			children = (
				F6D7C0A51BD73FBD00A07686 /* poke.app */,
				F6D7C0B91BD73FBD00A07686 /* pokeTests.xctest */,
				F6D7C0C41BD73FBD00A07686 /* pokeUITests.xctest */,
			);
			name = Products;
			sourceTree = "<group>";
		};
		F6D7C0A71BD73FBD00A07686 /* poke */ = {
			isa = PBXGroup;
			children = (
				F67AD9071BE0CB020021A666 /* Images */,
				F6D7C0A81BD73FBD00A07686 /* AppDelegate.swift */,
				F6D7C0AA1BD73FBD00A07686 /* ViewController.swift */,
				F6D7C0AC1BD73FBD00A07686 /* Main.storyboard */,
				F6D7C0AF1BD73FBD00A07686 /* Assets.xcassets */,
				F6D7C0B11BD73FBD00A07686 /* LaunchScreen.storyboard */,
				F6D7C0B41BD73FBD00A07686 /* Info.plist */,
				F6D7C0D81BD7437F00A07686 /* poke.swift */,
				F6D7C0DA1BD7804D00A07686 /* player.swift */,
			);
			path = poke;
			sourceTree = "<group>";
		};
		F6D7C0BC1BD73FBD00A07686 /* pokeTests */ = {
			isa = PBXGroup;
			children = (
				F6D7C0BD1BD73FBD00A07686 /* pokeTests.swift */,
				F6D7C0BF1BD73FBD00A07686 /* Info.plist */,
			);
			path = pokeTests;
			sourceTree = "<group>";
		};
		F6D7C0C71BD73FBD00A07686 /* pokeUITests */ = {
			isa = PBXGroup;
			children = (
				F6D7C0C81BD73FBD00A07686 /* pokeUITests.swift */,
				F6D7C0CA1BD73FBD00A07686 /* Info.plist */,
			);
			path = pokeUITests;
			sourceTree = "<group>";
		};
/* End PBXGroup section */

/* Begin PBXNativeTarget section */
		F6D7C0A41BD73FBD00A07686 /* poke */ = {
			isa = PBXNativeTarget;
			buildConfigurationList = F6D7C0CD1BD73FBD00A07686 /* Build configuration list for PBXNativeTarget "poke" */;
			buildPhases = (
				F6D7C0A11BD73FBD00A07686 /* Sources */,
				F6D7C0A21BD73FBD00A07686 /* Frameworks */,
				F6D7C0A31BD73FBD00A07686 /* Resources */,
			);
			buildRules = (
			);
			dependencies = (
			);
			name = poke;
			productName = poke;
			productReference = F6D7C0A51BD73FBD00A07686 /* poke.app */;
			productType = "com.apple.product-type.application";
		};
		F6D7C0B81BD73FBD00A07686 /* pokeTests */ = {
			isa = PBXNativeTarget;
			buildConfigurationList = F6D7C0D01BD73FBD00A07686 /* Build configuration list for PBXNativeTarget "pokeTests" */;
			buildPhases = (
				F6D7C0B51BD73FBD00A07686 /* Sources */,
				F6D7C0B61BD73FBD00A07686 /* Frameworks */,
				F6D7C0B71BD73FBD00A07686 /* Resources */,
			);
			buildRules = (
			);
			dependencies = (
				F6D7C0BB1BD73FBD00A07686 /* PBXTargetDependency */,
			);
			name = pokeTests;
			productName = pokeTests;
			productReference = F6D7C0B91BD73FBD00A07686 /* pokeTests.xctest */;
			productType = "com.apple.product-type.bundle.unit-test";
		};
		F6D7C0C31BD73FBD00A07686 /* pokeUITests */ = {
			isa = PBXNativeTarget;
			buildConfigurationList = F6D7C0D31BD73FBD00A07686 /* Build configuration list for PBXNativeTarget "pokeUITests" */;
			buildPhases = (
				F6D7C0C01BD73FBD00A07686 /* Sources */,
				F6D7C0C11BD73FBD00A07686 /* Frameworks */,
				F6D7C0C21BD73FBD00A07686 /* Resources */,
			);
			buildRules = (
			);
			dependencies = (
				F6D7C0C61BD73FBD00A07686 /* PBXTargetDependency */,
			);
			name = pokeUITests;
			productName = pokeUITests;
			productReference = F6D7C0C41BD73FBD00A07686 /* pokeUITests.xctest */;
			productType = "com.apple.product-type.bundle.ui-testing";
		};
/* End PBXNativeTarget section */

/* Begin PBXProject section */
		F6D7C09D1BD73FBC00A07686 /* Project object */ = {
			isa = PBXProject;
			attributes = {
				LastUpgradeCheck = 0700;
				ORGANIZATIONNAME = "李昊";
				TargetAttributes = {
					F6D7C0A41BD73FBD00A07686 = {
						CreatedOnToolsVersion = 7.0.1;
						DevelopmentTeam = DYM2PN5E57;
					};
					F6D7C0B81BD73FBD00A07686 = {
						CreatedOnToolsVersion = 7.0.1;
						DevelopmentTeam = DYM2PN5E57;
						TestTargetID = F6D7C0A41BD73FBD00A07686;
					};
					F6D7C0C31BD73FBD00A07686 = {
						CreatedOnToolsVersion = 7.0.1;
						DevelopmentTeam = DYM2PN5E57;
						TestTargetID = F6D7C0A41BD73FBD00A07686;
					};
				};
			};
			buildConfigurationList = F6D7C0A01BD73FBD00A07686 /* Build configuration list for PBXProject "poke" */;
			compatibilityVersion = "Xcode 3.2";
			developmentRegion = English;
			hasScannedForEncodings = 0;
			knownRegions = (
				en,
				Base,
			);
			mainGroup = F6D7C09C1BD73FBC00A07686;
			productRefGroup = F6D7C0A61BD73FBD00A07686 /* Products */;
			projectDirPath = "";
			projectRoot = "";
			targets = (
				F6D7C0A41BD73FBD00A07686 /* poke */,
				F6D7C0B81BD73FBD00A07686 /* pokeTests */,
				F6D7C0C31BD73FBD00A07686 /* pokeUITests */,
			);
		};
/* End PBXProject section */

/* Begin PBXResourcesBuildPhase section */
		F6D7C0A31BD73FBD00A07686 /* Resources */ = {
			isa = PBXResourcesBuildPhase;
			buildActionMask = 2147483647;
			files = (
				F67AD9651BE0CDD50021A666 /* H14.jpg in Resources */,
				F67AD9641BE0CDD50021A666 /* H11.jpg in Resources */,
				F67AD9611BE0CDD50021A666 /* H02.jpg in Resources */,
				F67AD9731BE0CDD50021A666 /* D12.jpg in Resources */,
				F67AD9631BE0CDD50021A666 /* H13.jpg in Resources */,
				F67AD95B1BE0CDD50021A666 /* H08.jpg in Resources */,
				F67AD94C1BE0CDD50021A666 /* S12.jpg in Resources */,
				F67AD93E1BE0CDD50021A666 /* C12.jpg in Resources */,
				F67AD96E1BE0CDD50021A666 /* D14.jpg in Resources */,
				F67AD9481BE0CDD50021A666 /* C04.jpg in Resources */,
				F67AD9591BE0CDD50021A666 /* H10.jpg in Resources */,
				F67AD9721BE0CDD50021A666 /* J02.jpg in Resources */,
				F67AD9601BE0CDD50021A666 /* H03.jpg in Resources */,
				F67AD9581BE0CDD50021A666 /* S02.jpg in Resources */,
				F67AD9551BE0CDD50021A666 /* S05.jpg in Resources */,
				F67AD9541BE0CDD50021A666 /* S06.jpg in Resources */,
				F67AD95A1BE0CDD50021A666 /* H09.jpg in Resources */,
				F67AD94D1BE0CDD50021A666 /* S13.jpg in Resources */,
				F67AD9441BE0CDD50021A666 /* C08.jpg in Resources */,
				F67AD96F1BE0CDD50021A666 /* D09.jpg in Resources */,
				F67AD9511BE0CDD50021A666 /* S09.jpg in Resources */,
				F6D7C0B31BD73FBD00A07686 /* LaunchScreen.storyboard in Resources */,
				F67AD96A1BE0CDD50021A666 /* D08.jpg in Resources */,
				F67AD9461BE0CDD50021A666 /* C06.jpg in Resources */,
				F67AD94E1BE0CDD50021A666 /* S11.jpg in Resources */,
				F67AD95E1BE0CDD50021A666 /* H05.jpg in Resources */,
				F67AD95F1BE0CDD50021A666 /* H04.jpg in Resources */,
				F67AD9521BE0CDD50021A666 /* S08.jpg in Resources */,
				F67AD9681BE0CDD50021A666 /* D03.jpg in Resources */,
				F67AD9451BE0CDD50021A666 /* C07.jpg in Resources */,
				F67AD94F1BE0CDD50021A666 /* S14.jpg in Resources */,
				F67AD9491BE0CDD50021A666 /* C03.jpg in Resources */,
				F67AD95C1BE0CDD50021A666 /* H07.jpg in Resources */,
				F67AD9531BE0CDD50021A666 /* S07.jpg in Resources */,
				F67AD9621BE0CDD50021A666 /* H12.jpg in Resources */,
				F67AD9421BE0CDD50021A666 /* C10.jpg in Resources */,
				F67AD9431BE0CDD50021A666 /* C09.jpg in Resources */,
				F67AD9711BE0CDD50021A666 /* D13.jpg in Resources */,
				F67AD9691BE0CDD50021A666 /* D02.jpg in Resources */,
				F67AD9661BE0CDD50021A666 /* D05.jpg in Resources */,
				F6D7C0B01BD73FBD00A07686 /* Assets.xcassets in Resources */,
				F67AD96B1BE0CDD50021A666 /* D07.jpg in Resources */,
				F67AD9501BE0CDD50021A666 /* S10.jpg in Resources */,
				F67AD9411BE0CDD50021A666 /* C14.jpg in Resources */,
				F67AD9561BE0CDD50021A666 /* S04.jpg in Resources */,
				F67AD9701BE0CDD50021A666 /* D11.jpg in Resources */,
				F67AD9671BE0CDD50021A666 /* D04.jpg in Resources */,
				F67AD9571BE0CDD50021A666 /* S03.jpg in Resources */,
				F67AD96D1BE0CDD50021A666 /* D10.jpg in Resources */,
				F67AD95D1BE0CDD50021A666 /* H06.jpg in Resources */,
				F67AD94A1BE0CDD50021A666 /* C02.jpg in Resources */,
				F67AD96C1BE0CDD50021A666 /* D06.jpg in Resources */,
				F67AD9471BE0CDD50021A666 /* C05.jpg in Resources */,
				F67AD9401BE0CDD50021A666 /* C11.jpg in Resources */,
				F6D7C0AE1BD73FBD00A07686 /* Main.storyboard in Resources */,
				F67AD93F1BE0CDD50021A666 /* C13.jpg in Resources */,
				F67AD94B1BE0CDD50021A666 /* J01.jpg in Resources */,
			);
			runOnlyForDeploymentPostprocessing = 0;
		};
		F6D7C0B71BD73FBD00A07686 /* Resources */ = {
			isa = PBXResourcesBuildPhase;
			buildActionMask = 2147483647;
			files = (
			);
			runOnlyForDeploymentPostprocessing = 0;
		};
		F6D7C0C21BD73FBD00A07686 /* Resources */ = {
			isa = PBXResourcesBuildPhase;
			buildActionMask = 2147483647;
			files = (
			);
			runOnlyForDeploymentPostprocessing = 0;
		};
/* End PBXResourcesBuildPhase section */

/* Begin PBXSourcesBuildPhase section */
		F6D7C0A11BD73FBD00A07686 /* Sources */ = {
			isa = PBXSourcesBuildPhase;
			buildActionMask = 2147483647;
			files = (
				F6D7C0DB1BD7804D00A07686 /* player.swift in Sources */,
				F6D7C0D91BD7437F00A07686 /* poke.swift in Sources */,
				F6D7C0AB1BD73FBD00A07686 /* ViewController.swift in Sources */,
				F6D7C0A91BD73FBD00A07686 /* AppDelegate.swift in Sources */,
			);
			runOnlyForDeploymentPostprocessing = 0;
		};
		F6D7C0B51BD73FBD00A07686 /* Sources */ = {
			isa = PBXSourcesBuildPhase;
			buildActionMask = 2147483647;
			files = (
				F6D7C0BE1BD73FBD00A07686 /* pokeTests.swift in Sources */,
			);
			runOnlyForDeploymentPostprocessing = 0;
		};
		F6D7C0C01BD73FBD00A07686 /* Sources */ = {
			isa = PBXSourcesBuildPhase;
			buildActionMask = 2147483647;
			files = (
				F6D7C0C91BD73FBD00A07686 /* pokeUITests.swift in Sources */,
			);
			runOnlyForDeploymentPostprocessing = 0;
		};
/* End PBXSourcesBuildPhase section */

/* Begin PBXTargetDependency section */
		F6D7C0BB1BD73FBD00A07686 /* PBXTargetDependency */ = {
			isa = PBXTargetDependency;
			target = F6D7C0A41BD73FBD00A07686 /* poke */;
			targetProxy = F6D7C0BA1BD73FBD00A07686 /* PBXContainerItemProxy */;
		};
		F6D7C0C61BD73FBD00A07686 /* PBXTargetDependency */ = {
			isa = PBXTargetDependency;
			target = F6D7C0A41BD73FBD00A07686 /* poke */;
			targetProxy = F6D7C0C51BD73FBD00A07686 /* PBXContainerItemProxy */;
		};
/* End PBXTargetDependency section */

/* Begin PBXVariantGroup section */
		F6D7C0AC1BD73FBD00A07686 /* Main.storyboard */ = {
			isa = PBXVariantGroup;
			children = (
				F6D7C0AD1BD73FBD00A07686 /* Base */,
			);
			name = Main.storyboard;
			sourceTree = "<group>";
		};
		F6D7C0B11BD73FBD00A07686 /* LaunchScreen.storyboard */ = {
			isa = PBXVariantGroup;
			children = (
				F6D7C0B21BD73FBD00A07686 /* Base */,
			);
			name = LaunchScreen.storyboard;
			sourceTree = "<group>";
		};
/* End PBXVariantGroup section */

/* Begin XCBuildConfiguration section */
		F6D7C0CB1BD73FBD00A07686 /* Debug */ = {
			isa = XCBuildConfiguration;
			buildSettings = {
				ALWAYS_SEARCH_USER_PATHS = NO;
				CLANG_CXX_LANGUAGE_STANDARD = "gnu++0x";
				CLANG_CXX_LIBRARY = "libc++";
				CLANG_ENABLE_MODULES = YES;
				CLANG_ENABLE_OBJC_ARC = YES;
				CLANG_WARN_BOOL_CONVERSION = YES;
				CLANG_WARN_CONSTANT_CONVERSION = YES;
				CLANG_WARN_DIRECT_OBJC_ISA_USAGE = YES_ERROR;
				CLANG_WARN_EMPTY_BODY = YES;
				CLANG_WARN_ENUM_CONVERSION = YES;
				CLANG_WARN_INT_CONVERSION = YES;
				CLANG_WARN_OBJC_ROOT_CLASS = YES_ERROR;
				CLANG_WARN_UNREACHABLE_CODE = YES;
				CLANG_WARN__DUPLICATE_METHOD_MATCH = YES;
				"CODE_SIGN_IDENTITY[sdk=iphoneos*]" = "iPhone Developer";
				COPY_PHASE_STRIP = NO;
				DEBUG_INFORMATION_FORMAT = dwarf;
				ENABLE_STRICT_OBJC_MSGSEND = YES;
				ENABLE_TESTABILITY = YES;
				GCC_C_LANGUAGE_STANDARD = gnu99;
				GCC_DYNAMIC_NO_PIC = NO;
				GCC_NO_COMMON_BLOCKS = YES;
				GCC_OPTIMIZATION_LEVEL = 0;
				GCC_PREPROCESSOR_DEFINITIONS = (
					"DEBUG=1",
					"$(inherited)",
				);
				GCC_WARN_64_TO_32_BIT_CONVERSION = YES;
				GCC_WARN_ABOUT_RETURN_TYPE = YES_ERROR;
				GCC_WARN_UNDECLARED_SELECTOR = YES;
				GCC_WARN_UNINITIALIZED_AUTOS = YES_AGGRESSIVE;
				GCC_WARN_UNUSED_FUNCTION = YES;
				GCC_WARN_UNUSED_VARIABLE = YES;
				IPHONEOS_DEPLOYMENT_TARGET = 9.0;
				MTL_ENABLE_DEBUG_INFO = YES;
				ONLY_ACTIVE_ARCH = YES;
				SDKROOT = iphoneos;
				SWIFT_OPTIMIZATION_LEVEL = "-Onone";
			};
			name = Debug;
		};
		F6D7C0CC1BD73FBD00A07686 /* Release */ = {
			isa = XCBuildConfiguration;
			buildSettings = {
				ALWAYS_SEARCH_USER_PATHS = NO;
				CLANG_CXX_LANGUAGE_STANDARD = "gnu++0x";
				CLANG_CXX_LIBRARY = "libc++";
				CLANG_ENABLE_MODULES = YES;
				CLANG_ENABLE_OBJC_ARC = YES;
				CLANG_WARN_BOOL_CONVERSION = YES;
				CLANG_WARN_CONSTANT_CONVERSION = YES;
				CLANG_WARN_DIRECT_OBJC_ISA_USAGE = YES_ERROR;
				CLANG_WARN_EMPTY_BODY = YES;
				CLANG_WARN_ENUM_CONVERSION = YES;
				CLANG_WARN_INT_CONVERSION = YES;
				CLANG_WARN_OBJC_ROOT_CLASS = YES_ERROR;
				CLANG_WARN_UNREACHABLE_CODE = YES;
				CLANG_WARN__DUPLICATE_METHOD_MATCH = YES;
				"CODE_SIGN_IDENTITY[sdk=iphoneos*]" = "iPhone Developer";
				COPY_PHASE_STRIP = NO;
				DEBUG_INFORMATION_FORMAT = "dwarf-with-dsym";
				ENABLE_NS_ASSERTIONS = NO;
				ENABLE_STRICT_OBJC_MSGSEND = YES;
				GCC_C_LANGUAGE_STANDARD = gnu99;
				GCC_NO_COMMON_BLOCKS = YES;
				GCC_WARN_64_TO_32_BIT_CONVERSION = YES;
				GCC_WARN_ABOUT_RETURN_TYPE = YES_ERROR;
				GCC_WARN_UNDECLARED_SELECTOR = YES;
				GCC_WARN_UNINITIALIZED_AUTOS = YES_AGGRESSIVE;
				GCC_WARN_UNUSED_FUNCTION = YES;
				GCC_WARN_UNUSED_VARIABLE = YES;
				IPHONEOS_DEPLOYMENT_TARGET = 9.0;
				MTL_ENABLE_DEBUG_INFO = NO;
				SDKROOT = iphoneos;
				VALIDATE_PRODUCT = YES;
			};
			name = Release;
		};
		F6D7C0CE1BD73FBD00A07686 /* Debug */ = {
			isa = XCBuildConfiguration;
			buildSettings = {
				ASSETCATALOG_COMPILER_APPICON_NAME = AppIcon;
				INFOPLIST_FILE = poke/Info.plist;
				LD_RUNPATH_SEARCH_PATHS = "$(inherited) @executable_path/Frameworks";
				PRODUCT_BUNDLE_IDENTIFIER = lee.poke;
				PRODUCT_NAME = "$(TARGET_NAME)";
			};
			name = Debug;
		};
		F6D7C0CF1BD73FBD00A07686 /* Release */ = {
			isa = XCBuildConfiguration;
			buildSettings = {
				ASSETCATALOG_COMPILER_APPICON_NAME = AppIcon;
				INFOPLIST_FILE = poke/Info.plist;
				LD_RUNPATH_SEARCH_PATHS = "$(inherited) @executable_path/Frameworks";
				PRODUCT_BUNDLE_IDENTIFIER = lee.poke;
				PRODUCT_NAME = "$(TARGET_NAME)";
			};
			name = Release;
		};
		F6D7C0D11BD73FBD00A07686 /* Debug */ = {
			isa = XCBuildConfiguration;
			buildSettings = {
				BUNDLE_LOADER = "$(TEST_HOST)";
				INFOPLIST_FILE = pokeTests/Info.plist;
				LD_RUNPATH_SEARCH_PATHS = "$(inherited) @executable_path/Frameworks @loader_path/Frameworks";
				PRODUCT_BUNDLE_IDENTIFIER = lee.pokeTests;
				PRODUCT_NAME = "$(TARGET_NAME)";
				TEST_HOST = "$(BUILT_PRODUCTS_DIR)/poke.app/poke";
			};
			name = Debug;
		};
		F6D7C0D21BD73FBD00A07686 /* Release */ = {
			isa = XCBuildConfiguration;
			buildSettings = {
				BUNDLE_LOADER = "$(TEST_HOST)";
				INFOPLIST_FILE = pokeTests/Info.plist;
				LD_RUNPATH_SEARCH_PATHS = "$(inherited) @executable_path/Frameworks @loader_path/Frameworks";
				PRODUCT_BUNDLE_IDENTIFIER = lee.pokeTests;
				PRODUCT_NAME = "$(TARGET_NAME)";
				TEST_HOST = "$(BUILT_PRODUCTS_DIR)/poke.app/poke";
			};
			name = Release;
		};
		F6D7C0D41BD73FBD00A07686 /* Debug */ = {
			isa = XCBuildConfiguration;
			buildSettings = {
				INFOPLIST_FILE = pokeUITests/Info.plist;
				LD_RUNPATH_SEARCH_PATHS = "$(inherited) @executable_path/Frameworks @loader_path/Frameworks";
				PRODUCT_BUNDLE_IDENTIFIER = lee.pokeUITests;
				PRODUCT_NAME = "$(TARGET_NAME)";
				TEST_TARGET_NAME = poke;
				USES_XCTRUNNER = YES;
			};
			name = Debug;
		};
		F6D7C0D51BD73FBD00A07686 /* Release */ = {
			isa = XCBuildConfiguration;
			buildSettings = {
				INFOPLIST_FILE = pokeUITests/Info.plist;
				LD_RUNPATH_SEARCH_PATHS = "$(inherited) @executable_path/Frameworks @loader_path/Frameworks";
				PRODUCT_BUNDLE_IDENTIFIER = lee.pokeUITests;
				PRODUCT_NAME = "$(TARGET_NAME)";
				TEST_TARGET_NAME = poke;
				USES_XCTRUNNER = YES;
			};
			name = Release;
		};
/* End XCBuildConfiguration section */

/* Begin XCConfigurationList section */
		F6D7C0A01BD73FBD00A07686 /* Build configuration list for PBXProject "poke" */ = {
			isa = XCConfigurationList;
			buildConfigurations = (
				F6D7C0CB1BD73FBD00A07686 /* Debug */,
				F6D7C0CC1BD73FBD00A07686 /* Release */,
			);
			defaultConfigurationIsVisible = 0;
			defaultConfigurationName = Release;
		};
		F6D7C0CD1BD73FBD00A07686 /* Build configuration list for PBXNativeTarget "poke" */ = {
			isa = XCConfigurationList;
			buildConfigurations = (
				F6D7C0CE1BD73FBD00A07686 /* Debug */,
				F6D7C0CF1BD73FBD00A07686 /* Release */,
			);
			defaultConfigurationIsVisible = 0;
			defaultConfigurationName = Release;
		};
		F6D7C0D01BD73FBD00A07686 /* Build configuration list for PBXNativeTarget "pokeTests" */ = {
			isa = XCConfigurationList;
			buildConfigurations = (
				F6D7C0D11BD73FBD00A07686 /* Debug */,
				F6D7C0D21BD73FBD00A07686 /* Release */,
			);
			defaultConfigurationIsVisible = 0;
			defaultConfigurationName = Release;
		};
		F6D7C0D31BD73FBD00A07686 /* Build configuration list for PBXNativeTarget "pokeUITests" */ = {
			isa = XCConfigurationList;
			buildConfigurations = (
				F6D7C0D41BD73FBD00A07686 /* Debug */,
				F6D7C0D51BD73FBD00A07686 /* Release */,
			);
			defaultConfigurationIsVisible = 0;
			defaultConfigurationName = Release;
		};
/* End XCConfigurationList section */
	};
	rootObject = F6D7C09D1BD73FBC00A07686 /* Project object */;
}
